
Microsoft Visual Studio Solution File, Format Version 12.00
# Visual Studio Version 17
VisualStudioVersion = 17.3.32901.215
MinimumVisualStudioVersion = 10.0.40219.1
Project("{9A19103F-16F7-4668-BE54-9A1E7A4F7556}") = "VerdadeiroFalse", "VerdadeiroFalse\VerdadeiroFalse.csproj", "{3EBDC6A2-781E-4F58-981A-EECC7E3E6820}"
EndProject
Project("{9A19103F-16F7-4668-BE54-9A1E7A4F7556}") = "Exercicio02", "Exercicio02\Exercicio02.csproj", "{B36EDCEE-18D6-4211-A2CA-AD179D8AED5C}"
EndProject
Project("{2150E333-8FDC-42A3-9474-1A3956D46DE8}") = "Exercicio 03", "Exercicio 03", "{BD427A97-51B5-46C1-98FA-4F8EC37FF6C2}"
EndProject
Project("{9A19103F-16F7-4668-BE54-9A1E7A4F7556}") = "Exercicio03E", "Exercicio03E\Exercicio03E.csproj", "{270E32C3-AB7B-4D6A-96C7-F8F76DC8EF6C}"
EndProject
Project("{9A19103F-16F7-4668-BE54-9A1E7A4F7556}") = "Exercicio03F", "Exercicio03F\Exercicio03F.csproj", "{71C3536C-EE14-489D-9E4C-57CAA1E5D3E1}"
EndProject
Project("{9A19103F-16F7-4668-BE54-9A1E7A4F7556}") = "Exercicio03G", "Exercicio03G\Exercicio03G.csproj", "{B24AD4DF-1593-4D34-9226-8F6FD4FED378}"
EndProject
Project("{9A19103F-16F7-4668-BE54-9A1E7A4F7556}") = "Exercicios03H", "Exercicios03H\Exercicios03H.csproj", "{8FB4C77E-6B9F-40C3-A29A-667A33FA151B}"
EndProject
Project("{9A19103F-16F7-4668-BE54-9A1E7A4F7556}") = "Exercicio03I", "Exercicio03I\Exercicio03I.csproj", "{43208C9A-93F9-48EF-BAFB-C1101CB11DFE}"
EndProject
Project("{9A19103F-16F7-4668-BE54-9A1E7A4F7556}") = "Exercicio03J", "Exercicio03J\Exercicio03J.csproj", "{AEB7A7E2-DB3E-406E-A03A-4D354DCC5B4C}"
EndProject
Project("{9A19103F-16F7-4668-BE54-9A1E7A4F7556}") = "Exercicio03-A", "Exercicio03-A\Exercicio03-A.csproj", "{2DA6AEE0-8F38-4C1D-AC31-9F12FA0269A1}"
EndProject
Project("{9A19103F-16F7-4668-BE54-9A1E7A4F7556}") = "Exercicio03-B", "Exercicio03-B\Exercicio03-B.csproj", "{A2E220E3-5486-4EAD-A1C6-5A00EA1562FA}"
EndProject
Project("{9A19103F-16F7-4668-BE54-9A1E7A4F7556}") = "Exercicio03-C", "Exercicio03-C\Exercicio03-C.csproj", "{D5BCBB1E-F575-4169-95F7-74FFB43743D4}"
EndProject
Project("{9A19103F-16F7-4668-BE54-9A1E7A4F7556}") = "Exercicio03-D", "Exercicio03-D\Exercicio03-D.csproj", "{D4165C85-17D0-44BA-8228-997DB77C68D4}"
EndProject
Global
	GlobalSection(SolutionConfigurationPlatforms) = preSolution
		Debug|Any CPU = Debug|Any CPU
		Release|Any CPU = Release|Any CPU
	EndGlobalSection
	GlobalSection(ProjectConfigurationPlatforms) = postSolution
		{3EBDC6A2-781E-4F58-981A-EECC7E3E6820}.Debug|Any CPU.ActiveCfg = Debug|Any CPU
		{3EBDC6A2-781E-4F58-981A-EECC7E3E6820}.Debug|Any CPU.Build.0 = Debug|Any CPU
		{3EBDC6A2-781E-4F58-981A-EECC7E3E6820}.Release|Any CPU.ActiveCfg = Release|Any CPU
		{3EBDC6A2-781E-4F58-981A-EECC7E3E6820}.Release|Any CPU.Build.0 = Release|Any CPU
		{B36EDCEE-18D6-4211-A2CA-AD179D8AED5C}.Debug|Any CPU.ActiveCfg = Debug|Any CPU
		{B36EDCEE-18D6-4211-A2CA-AD179D8AED5C}.Debug|Any CPU.Build.0 = Debug|Any CPU
		{B36EDCEE-18D6-4211-A2CA-AD179D8AED5C}.Release|Any CPU.ActiveCfg = Release|Any CPU
		{B36EDCEE-18D6-4211-A2CA-AD179D8AED5C}.Release|Any CPU.Build.0 = Release|Any CPU
		{270E32C3-AB7B-4D6A-96C7-F8F76DC8EF6C}.Debug|Any CPU.ActiveCfg = Debug|Any CPU
		{270E32C3-AB7B-4D6A-96C7-F8F76DC8EF6C}.Debug|Any CPU.Build.0 = Debug|Any CPU
		{270E32C3-AB7B-4D6A-96C7-F8F76DC8EF6C}.Release|Any CPU.ActiveCfg = Release|Any CPU
		{270E32C3-AB7B-4D6A-96C7-F8F76DC8EF6C}.Release|Any CPU.Build.0 = Release|Any CPU
		{71C3536C-EE14-489D-9E4C-57CAA1E5D3E1}.Debug|Any CPU.ActiveCfg = Debug|Any CPU
		{71C3536C-EE14-489D-9E4C-57CAA1E5D3E1}.Debug|Any CPU.Build.0 = Debug|Any CPU
		{71C3536C-EE14-489D-9E4C-57CAA1E5D3E1}.Release|Any CPU.ActiveCfg = Release|Any CPU
		{71C3536C-EE14-489D-9E4C-57CAA1E5D3E1}.Release|Any CPU.Build.0 = Release|Any CPU
		{B24AD4DF-1593-4D34-9226-8F6FD4FED378}.Debug|Any CPU.ActiveCfg = Debug|Any CPU
		{B24AD4DF-1593-4D34-9226-8F6FD4FED378}.Debug|Any CPU.Build.0 = Debug|Any CPU
		{B24AD4DF-1593-4D34-9226-8F6FD4FED378}.Release|Any CPU.ActiveCfg = Release|Any CPU
		{B24AD4DF-1593-4D34-9226-8F6FD4FED378}.Release|Any CPU.Build.0 = Release|Any CPU
		{8FB4C77E-6B9F-40C3-A29A-667A33FA151B}.Debug|Any CPU.ActiveCfg = Debug|Any CPU
		{8FB4C77E-6B9F-40C3-A29A-667A33FA151B}.Debug|Any CPU.Build.0 = Debug|Any CPU
		{8FB4C77E-6B9F-40C3-A29A-667A33FA151B}.Release|Any CPU.ActiveCfg = Release|Any CPU
		{8FB4C77E-6B9F-40C3-A29A-667A33FA151B}.Release|Any CPU.Build.0 = Release|Any CPU
		{43208C9A-93F9-48EF-BAFB-C1101CB11DFE}.Debug|Any CPU.ActiveCfg = Debug|Any CPU
		{43208C9A-93F9-48EF-BAFB-C1101CB11DFE}.Debug|Any CPU.Build.0 = Debug|Any CPU
		{43208C9A-93F9-48EF-BAFB-C1101CB11DFE}.Release|Any CPU.ActiveCfg = Release|Any CPU
		{43208C9A-93F9-48EF-BAFB-C1101CB11DFE}.Release|Any CPU.Build.0 = Release|Any CPU
		{AEB7A7E2-DB3E-406E-A03A-4D354DCC5B4C}.Debug|Any CPU.ActiveCfg = Debug|Any CPU
		{AEB7A7E2-DB3E-406E-A03A-4D354DCC5B4C}.Debug|Any CPU.Build.0 = Debug|Any CPU
		{AEB7A7E2-DB3E-406E-A03A-4D354DCC5B4C}.Release|Any CPU.ActiveCfg = Release|Any CPU
		{AEB7A7E2-DB3E-406E-A03A-4D354DCC5B4C}.Release|Any CPU.Build.0 = Release|Any CPU
		{2DA6AEE0-8F38-4C1D-AC31-9F12FA0269A1}.Debug|Any CPU.ActiveCfg = Debug|Any CPU
		{2DA6AEE0-8F38-4C1D-AC31-9F12FA0269A1}.Debug|Any CPU.Build.0 = Debug|Any CPU
		{2DA6AEE0-8F38-4C1D-AC31-9F12FA0269A1}.Release|Any CPU.ActiveCfg = Release|Any CPU
		{2DA6AEE0-8F38-4C1D-AC31-9F12FA0269A1}.Release|Any CPU.Build.0 = Release|Any CPU
		{A2E220E3-5486-4EAD-A1C6-5A00EA1562FA}.Debug|Any CPU.ActiveCfg = Debug|Any CPU
		{A2E220E3-5486-4EAD-A1C6-5A00EA1562FA}.Debug|Any CPU.Build.0 = Debug|Any CPU
		{A2E220E3-5486-4EAD-A1C6-5A00EA1562FA}.Release|Any CPU.ActiveCfg = Release|Any CPU
		{A2E220E3-5486-4EAD-A1C6-5A00EA1562FA}.Release|Any CPU.Build.0 = Release|Any CPU
		{D5BCBB1E-F575-4169-95F7-74FFB43743D4}.Debug|Any CPU.ActiveCfg = Debug|Any CPU
		{D5BCBB1E-F575-4169-95F7-74FFB43743D4}.Debug|Any CPU.Build.0 = Debug|Any CPU
		{D5BCBB1E-F575-4169-95F7-74FFB43743D4}.Release|Any CPU.ActiveCfg = Release|Any CPU
		{D5BCBB1E-F575-4169-95F7-74FFB43743D4}.Release|Any CPU.Build.0 = Release|Any CPU
		{D4165C85-17D0-44BA-8228-997DB77C68D4}.Debug|Any CPU.ActiveCfg = Debug|Any CPU
		{D4165C85-17D0-44BA-8228-997DB77C68D4}.Debug|Any CPU.Build.0 = Debug|Any CPU
		{D4165C85-17D0-44BA-8228-997DB77C68D4}.Release|Any CPU.ActiveCfg = Release|Any CPU
		{D4165C85-17D0-44BA-8228-997DB77C68D4}.Release|Any CPU.Build.0 = Release|Any CPU
	EndGlobalSection
	GlobalSection(SolutionProperties) = preSolution
		HideSolutionNode = FALSE
	EndGlobalSection
	GlobalSection(NestedProjects) = preSolution
		{270E32C3-AB7B-4D6A-96C7-F8F76DC8EF6C} = {BD427A97-51B5-46C1-98FA-4F8EC37FF6C2}
		{71C3536C-EE14-489D-9E4C-57CAA1E5D3E1} = {BD427A97-51B5-46C1-98FA-4F8EC37FF6C2}
		{B24AD4DF-1593-4D34-9226-8F6FD4FED378} = {BD427A97-51B5-46C1-98FA-4F8EC37FF6C2}
		{8FB4C77E-6B9F-40C3-A29A-667A33FA151B} = {BD427A97-51B5-46C1-98FA-4F8EC37FF6C2}
		{43208C9A-93F9-48EF-BAFB-C1101CB11DFE} = {BD427A97-51B5-46C1-98FA-4F8EC37FF6C2}
		{AEB7A7E2-DB3E-406E-A03A-4D354DCC5B4C} = {BD427A97-51B5-46C1-98FA-4F8EC37FF6C2}
		{2DA6AEE0-8F38-4C1D-AC31-9F12FA0269A1} = {BD427A97-51B5-46C1-98FA-4F8EC37FF6C2}
		{A2E220E3-5486-4EAD-A1C6-5A00EA1562FA} = {BD427A97-51B5-46C1-98FA-4F8EC37FF6C2}
		{D5BCBB1E-F575-4169-95F7-74FFB43743D4} = {BD427A97-51B5-46C1-98FA-4F8EC37FF6C2}
		{D4165C85-17D0-44BA-8228-997DB77C68D4} = {BD427A97-51B5-46C1-98FA-4F8EC37FF6C2}
	EndGlobalSection
	GlobalSection(ExtensibilityGlobals) = postSolution
		SolutionGuid = {5A1FF3EF-BF56-446A-AEF6-F58B4DBAE753}
	EndGlobalSection
EndGlobal
