
Microsoft Visual Studio Solution File, Format Version 12.00
# Visual Studio Version 17
VisualStudioVersion = 17.3.32901.215
MinimumVisualStudioVersion = 10.0.40219.1
Project("{FAE04EC0-301F-11D3-BF4B-00C04F79EFBC}") = "Exercicio02", "Exercicio02\Exercicio02.csproj", "{E71311E4-0DCF-4B2B-944E-A2625C14F905}"
EndProject
Project("{FAE04EC0-301F-11D3-BF4B-00C04F79EFBC}") = "Exercicio01", "Exercicio01\Exercicio01.csproj", "{99AEDA9F-75A7-4ED7-9534-DA94C99EA3A4}"
EndProject
Project("{FAE04EC0-301F-11D3-BF4B-00C04F79EFBC}") = "Exercicio03", "Exercicio03\Exercicio03.csproj", "{CFB21E9B-CD31-49BD-80EE-3440C2176783}"
EndProject
Project("{FAE04EC0-301F-11D3-BF4B-00C04F79EFBC}") = "Exercicio04", "Exercicio04\Exercicio04.csproj", "{C7CF313F-A9C6-4BDA-9F4B-22B48F6BE1CA}"
EndProject
Project("{FAE04EC0-301F-11D3-BF4B-00C04F79EFBC}") = "Exercicio05", "Exercicio05\Exercicio05.csproj", "{17408012-8A83-4DDB-90E8-7823F7F56384}"
EndProject
Global
	GlobalSection(SolutionConfigurationPlatforms) = preSolution
		Debug|Any CPU = Debug|Any CPU
		Release|Any CPU = Release|Any CPU
	EndGlobalSection
	GlobalSection(ProjectConfigurationPlatforms) = postSolution
		{E71311E4-0DCF-4B2B-944E-A2625C14F905}.Debug|Any CPU.ActiveCfg = Debug|Any CPU
		{E71311E4-0DCF-4B2B-944E-A2625C14F905}.Debug|Any CPU.Build.0 = Debug|Any CPU
		{E71311E4-0DCF-4B2B-944E-A2625C14F905}.Release|Any CPU.ActiveCfg = Release|Any CPU
		{E71311E4-0DCF-4B2B-944E-A2625C14F905}.Release|Any CPU.Build.0 = Release|Any CPU
		{99AEDA9F-75A7-4ED7-9534-DA94C99EA3A4}.Debug|Any CPU.ActiveCfg = Debug|Any CPU
		{99AEDA9F-75A7-4ED7-9534-DA94C99EA3A4}.Debug|Any CPU.Build.0 = Debug|Any CPU
		{99AEDA9F-75A7-4ED7-9534-DA94C99EA3A4}.Release|Any CPU.ActiveCfg = Release|Any CPU
		{99AEDA9F-75A7-4ED7-9534-DA94C99EA3A4}.Release|Any CPU.Build.0 = Release|Any CPU
		{CFB21E9B-CD31-49BD-80EE-3440C2176783}.Debug|Any CPU.ActiveCfg = Debug|Any CPU
		{CFB21E9B-CD31-49BD-80EE-3440C2176783}.Debug|Any CPU.Build.0 = Debug|Any CPU
		{CFB21E9B-CD31-49BD-80EE-3440C2176783}.Release|Any CPU.ActiveCfg = Release|Any CPU
		{CFB21E9B-CD31-49BD-80EE-3440C2176783}.Release|Any CPU.Build.0 = Release|Any CPU
		{C7CF313F-A9C6-4BDA-9F4B-22B48F6BE1CA}.Debug|Any CPU.ActiveCfg = Debug|Any CPU
		{C7CF313F-A9C6-4BDA-9F4B-22B48F6BE1CA}.Debug|Any CPU.Build.0 = Debug|Any CPU
		{C7CF313F-A9C6-4BDA-9F4B-22B48F6BE1CA}.Release|Any CPU.ActiveCfg = Release|Any CPU
		{C7CF313F-A9C6-4BDA-9F4B-22B48F6BE1CA}.Release|Any CPU.Build.0 = Release|Any CPU
		{17408012-8A83-4DDB-90E8-7823F7F56384}.Debug|Any CPU.ActiveCfg = Debug|Any CPU
		{17408012-8A83-4DDB-90E8-7823F7F56384}.Debug|Any CPU.Build.0 = Debug|Any CPU
		{17408012-8A83-4DDB-90E8-7823F7F56384}.Release|Any CPU.ActiveCfg = Release|Any CPU
		{17408012-8A83-4DDB-90E8-7823F7F56384}.Release|Any CPU.Build.0 = Release|Any CPU
	EndGlobalSection
	GlobalSection(SolutionProperties) = preSolution
		HideSolutionNode = FALSE
	EndGlobalSection
	GlobalSection(ExtensibilityGlobals) = postSolution
		SolutionGuid = {247DA63E-CC1A-486F-874A-2FD96C3443F1}
	EndGlobalSection
EndGlobal
